
Microsoft Visual Studio Solution File, Format Version 11.00
# Visual Studio 2010
Project("{FAE04EC0-301F-11D3-BF4B-00C04F79EFBC}") = "vdu_storyteller_revenge_udacity", "Assembly-CSharp.csproj", "{57DAE2F3-F06A-B960-7514-A99FD78DD54B}"
EndProject
Project("{FAE04EC0-301F-11D3-BF4B-00C04F79EFBC}") = "vdu_storyteller_revenge_udacity", "Assembly-CSharp-Editor.csproj", "{E54745E0-3D00-1FED-75E4-5FA939546671}"
EndProject
Global
	GlobalSection(SolutionConfigurationPlatforms) = preSolution
		Debug|Any CPU = Debug|Any CPU
		Release|Any CPU = Release|Any CPU
	EndGlobalSection
	GlobalSection(ProjectConfigurationPlatforms) = postSolution
		{57DAE2F3-F06A-B960-7514-A99FD78DD54B}.Debug|Any CPU.ActiveCfg = Debug|Any CPU
		{57DAE2F3-F06A-B960-7514-A99FD78DD54B}.Debug|Any CPU.Build.0 = Debug|Any CPU
		{57DAE2F3-F06A-B960-7514-A99FD78DD54B}.Release|Any CPU.ActiveCfg = Release|Any CPU
		{57DAE2F3-F06A-B960-7514-A99FD78DD54B}.Release|Any CPU.Build.0 = Release|Any CPU
		{E54745E0-3D00-1FED-75E4-5FA939546671}.Debug|Any CPU.ActiveCfg = Debug|Any CPU
		{E54745E0-3D00-1FED-75E4-5FA939546671}.Debug|Any CPU.Build.0 = Debug|Any CPU
		{E54745E0-3D00-1FED-75E4-5FA939546671}.Release|Any CPU.ActiveCfg = Release|Any CPU
		{E54745E0-3D00-1FED-75E4-5FA939546671}.Release|Any CPU.Build.0 = Release|Any CPU
	EndGlobalSection
	GlobalSection(SolutionProperties) = preSolution
		HideSolutionNode = FALSE
	EndGlobalSection
	GlobalSection(MonoDevelopProperties) = preSolution
		StartupItem = Assembly-CSharp.csproj
	EndGlobalSection
EndGlobal
